{
  "name": "discord-timestamp",
  "version": "1.0.0",
  "lockfileVersion": 3,
  "requires": true,
  "packages": {
    "": {
      "name": "discord-timestamp",
      "version": "1.0.0",
      "dependencies": {
        "discord-interactions": "^4.1.0",
        "luxon": "^3.4.4",
        "timezone-abbreviations": "^1.0.0"
      }
    },
    "node_modules/discord-interactions": {
      "version": "4.4.0",
      "resolved": "https://registry.npmjs.org/discord-interactions/-/discord-interactions-4.4.0.tgz",
      "integrity": "sha512-jjJx8iwAeJcj8oEauV43fue9lNqkf38fy60aSs2+G8D1nJmDxUIrk08o3h0F3wgwuBWWJUZO+X/VgfXsxpCiJA==",
      "license": "MIT",
      "engines": {
        "node": ">=18.4.0"
      }
    },
    "node_modules/luxon": {
      "version": "3.7.2",
      "resolved": "https://registry.npmjs.org/luxon/-/luxon-3.7.2.tgz",
      "integrity": "sha512-vtEhXh/gNjI9Yg1u4jX/0YVPMvxzHuGgCm6tC5kZyb08yjGWGnqAjGJvcXbqQR2P3MyMEFnRbpcdFS6PBcLqew==",
      "license": "MIT",
      "engines": {
        "node": ">=12"
      }
    },
    "node_modules/timezone-abbreviations": {
      "version": "1.2.6",
      "resolved": "https://registry.npmjs.org/timezone-abbreviations/-/timezone-abbreviations-1.2.6.tgz",
      "integrity": "sha512-w0uiw1OYwTM70HuEGiQtjF0Sfr4x1JSssQHVIKlrs7CBZxHZehLjPnqsggDwCfuPgcMpB6NKnZcAL+UOLyb7UA==",
      "license": "ISC"
    }
  }
}
